PODS:
  - Flutter (1.0.0)
  - flutter_locker (0.0.1):
    - Flutter
    - Locker (~> 3.0.4)
  - Locker (3.0.4)

DEPENDENCIES:
  - Flutter (from `Flutter`)
  - flutter_locker (from `.symlinks/plugins/flutter_locker/ios`)

SPEC REPOS:
  trunk:
    - Locker

EXTERNAL SOURCES:
  Flutter:
    :path: Flutter
  flutter_locker:
    :path: ".symlinks/plugins/flutter_locker/ios"

SPEC CHECKSUMS:
  Flutter: e0871f40cf51350855a761d2e70bf5af5b9b5de7
  flutter_locker: 8d1eb5ae33843b0a158924a75fdaa36105146c80
  Locker: 0d3fd2bb756203120c5bb84283024fcfabe13ce7

PODFILE CHECKSUM: ce13d36744da294d67f8e460dbb7aed7c09bd7f4

COCOAPODS: 1.16.2
