PODS:
  - Flutter (1.0.0)
  - flutter_locker (0.0.1):
    - Flutter
    - Locker (~> 3.0.1)
    - SwiftProtobuf (~> 1.4)
  - Locker (3.0.1)
  - SwiftProtobuf (1.19.0)

DEPENDENCIES:
  - Flutter (from `Flutter`)
  - flutter_locker (from `.symlinks/plugins/flutter_locker/ios`)

SPEC REPOS:
  trunk:
    - Locker
    - SwiftProtobuf

EXTERNAL SOURCES:
  Flutter:
    :path: Flutter
  flutter_locker:
    :path: ".symlinks/plugins/flutter_locker/ios"

SPEC CHECKSUMS:
  Flutter: 50d75fe2f02b26cc09d224853bb45737f8b3214a
  flutter_locker: e93c851e0c703bfe5ba53c2279773dece525713a
  Locker: f1fae5dc8bee61b2c8cbca3fbbb23b6eab459af1
  SwiftProtobuf: 6ef3f0e422ef90d6605ca20b21a94f6c1324d6b3

PODFILE CHECKSUM: 21b64fbb12492d731c9be90cbe0f2d328bef4b49

COCOAPODS: 1.11.3
